
Microsoft Visual Studio Solution File, Format Version 12.00
# Visual Studio Version 17
VisualStudioVersion = 17.9.34723.18
MinimumVisualStudioVersion = 10.0.40219.1
Project("{FAE04EC0-301F-11D3-BF4B-00C04F79EFBC}") = "PokemonReviewApp", "PokemonReviewApp\PokemonReviewApp.csproj", "{70344C1C-5463-477C-B20C-738C71984D63}"
EndProject
Global
	GlobalSection(SolutionConfigurationPlatforms) = preSolution
		Debug|Any CPU = Debug|Any CPU
		Release|Any CPU = Release|Any CPU
	EndGlobalSection
	GlobalSection(ProjectConfigurationPlatforms) = postSolution
		{70344C1C-5463-477C-B20C-738C71984D63}.Debug|Any CPU.ActiveCfg = Debug|Any CPU
		{70344C1C-5463-477C-B20C-738C71984D63}.Debug|Any CPU.Build.0 = Debug|Any CPU
		{70344C1C-5463-477C-B20C-738C71984D63}.Release|Any CPU.ActiveCfg = Release|Any CPU
		{70344C1C-5463-477C-B20C-738C71984D63}.Release|Any CPU.Build.0 = Release|Any CPU
	EndGlobalSection
	GlobalSection(SolutionProperties) = preSolution
		HideSolutionNode = FALSE
	EndGlobalSection
	GlobalSection(ExtensibilityGlobals) = postSolution
		SolutionGuid = {2FFC0BEA-1519-4A8A-AF70-88FBC1C22F82}
	EndGlobalSection
EndGlobal
